Microsoft Visual Studio Solution File, Format Version 8.00
Project("{8BC9CEB8-8B4A-11D0-8D11-00A0C91BC942}") = "ApiHooker", "ApiHooker.vcproj", "{AD02DFF6-177A-4EBB-8CCB-E9A745781BA7}"
	ProjectSection(ProjectDependencies) = postProject
	EndProjectSection
EndProject
Global
	GlobalSection(SolutionConfiguration) = preSolution
		Debug = Debug
		Release = Release
	EndGlobalSection
	GlobalSection(ProjectConfiguration) = postSolution
		{AD02DFF6-177A-4EBB-8CCB-E9A745781BA7}.Debug.ActiveCfg = Debug|Win32
		{AD02DFF6-177A-4EBB-8CCB-E9A745781BA7}.Debug.Build.0 = Debug|Win32
		{AD02DFF6-177A-4EBB-8CCB-E9A745781BA7}.Release.ActiveCfg = Release|Win32
		{AD02DFF6-177A-4EBB-8CCB-E9A745781BA7}.Release.Build.0 = Release|Win32
	EndGlobalSection
	GlobalSection(ExtensibilityGlobals) = postSolution
	EndGlobalSection
	GlobalSection(ExtensibilityAddIns) = postSolution
	EndGlobalSection
EndGlobal
