Microsoft Visual Studio Solution File, Format Version 9.00
# Visual Studio 2005
Project("{FAE04EC0-301F-11D3-BF4B-00C04F79EFBC}") = "P2p", "P2p\P2p.csproj", "{C25D7C75-32B8-4E8C-8F24-A57EA9D8504D}"
EndProject
Global
	GlobalSection(SolutionConfigurationPlatforms) = preSolution
		Debug|Any CPU = Debug|Any CPU
		Release|Any CPU = Release|Any CPU
	EndGlobalSection
	GlobalSection(ProjectConfigurationPlatforms) = postSolution
		{C25D7C75-32B8-4E8C-8F24-A57EA9D8504D}.Debug|Any CPU.ActiveCfg = Debug|Any CPU
		{C25D7C75-32B8-4E8C-8F24-A57EA9D8504D}.Debug|Any CPU.Build.0 = Debug|Any CPU
		{C25D7C75-32B8-4E8C-8F24-A57EA9D8504D}.Release|Any CPU.ActiveCfg = Release|Any CPU
		{C25D7C75-32B8-4E8C-8F24-A57EA9D8504D}.Release|Any CPU.Build.0 = Release|Any CPU
	EndGlobalSection
	GlobalSection(SolutionProperties) = preSolution
		HideSolutionNode = FALSE
	EndGlobalSection
EndGlobal
