
Microsoft Visual Studio Solution File, Format Version 9.00
# Visual Studio 2005
Project("{8BC9CEB8-8B4A-11D0-8D11-00A0C91BC942}") = "Render3d", "Render3d.vcproj", "{98E0B6B6-98BA-407D-AFA2-505CE6B746C8}"
EndProject
Global
	GlobalSection(SolutionConfigurationPlatforms) = preSolution
		Debug|Win32 = Debug|Win32
		Release|Win32 = Release|Win32
	EndGlobalSection
	GlobalSection(ProjectConfigurationPlatforms) = postSolution
		{98E0B6B6-98BA-407D-AFA2-505CE6B746C8}.Debug|Win32.ActiveCfg = Debug|Win32
		{98E0B6B6-98BA-407D-AFA2-505CE6B746C8}.Debug|Win32.Build.0 = Debug|Win32
		{98E0B6B6-98BA-407D-AFA2-505CE6B746C8}.Release|Win32.ActiveCfg = Release|Win32
		{98E0B6B6-98BA-407D-AFA2-505CE6B746C8}.Release|Win32.Build.0 = Release|Win32
	EndGlobalSection
	GlobalSection(SolutionProperties) = preSolution
		HideSolutionNode = FALSE
	EndGlobalSection
EndGlobal
